
Microsoft Visual Studio Solution File, Format Version 12.00
Project("{FAE04EC0-301F-11D3-BF4B-00C04F79EFBC}") = "OwnID.Tools.ResourceGenerator", "OwnID.Tools.ResourceGenerator\OwnID.Tools.ResourceGenerator.csproj", "{B502C88A-D734-4A21-8685-8C8C116BB79C}"
EndProject
Project("{FAE04EC0-301F-11D3-BF4B-00C04F79EFBC}") = "OwnID.Tools.Configurator", "OwnID.Tools.Configurator\OwnID.Tools.Configurator.csproj", "{234F4D69-3A50-4E36-9385-9736B19573FD}"
EndProject
Global
	GlobalSection(SolutionConfigurationPlatforms) = preSolution
		Debug|Any CPU = Debug|Any CPU
		Release|Any CPU = Release|Any CPU
	EndGlobalSection
	GlobalSection(ProjectConfigurationPlatforms) = postSolution
		{B502C88A-D734-4A21-8685-8C8C116BB79C}.Debug|Any CPU.ActiveCfg = Debug|Any CPU
		{B502C88A-D734-4A21-8685-8C8C116BB79C}.Debug|Any CPU.Build.0 = Debug|Any CPU
		{B502C88A-D734-4A21-8685-8C8C116BB79C}.Release|Any CPU.ActiveCfg = Release|Any CPU
		{B502C88A-D734-4A21-8685-8C8C116BB79C}.Release|Any CPU.Build.0 = Release|Any CPU
		{234F4D69-3A50-4E36-9385-9736B19573FD}.Debug|Any CPU.ActiveCfg = Debug|Any CPU
		{234F4D69-3A50-4E36-9385-9736B19573FD}.Debug|Any CPU.Build.0 = Debug|Any CPU
		{234F4D69-3A50-4E36-9385-9736B19573FD}.Release|Any CPU.ActiveCfg = Release|Any CPU
		{234F4D69-3A50-4E36-9385-9736B19573FD}.Release|Any CPU.Build.0 = Release|Any CPU
	EndGlobalSection
EndGlobal
